
Microsoft Visual Studio Solution File, Format Version 12.00
# Visual Studio 15
VisualStudioVersion = 15.0.33026.149
MinimumVisualStudioVersion = 10.0.40219.1
Project("{8BC9CEB8-8B4A-11D0-8D11-00A0C91BC942}") = "Design_Pattern_02", "Design_Pattern_02\Design_Pattern_02.vcxproj", "{F09F4A64-5084-46E4-8AE4-A6F5E4A8690C}"
EndProject
Global
	GlobalSection(SolutionConfigurationPlatforms) = preSolution
		Debug|x64 = Debug|x64
		Debug|x86 = Debug|x86
		Release|x64 = Release|x64
		Release|x86 = Release|x86
	EndGlobalSection
	GlobalSection(ProjectConfigurationPlatforms) = postSolution
		{F09F4A64-5084-46E4-8AE4-A6F5E4A8690C}.Debug|x64.ActiveCfg = Debug|x64
		{F09F4A64-5084-46E4-8AE4-A6F5E4A8690C}.Debug|x64.Build.0 = Debug|x64
		{F09F4A64-5084-46E4-8AE4-A6F5E4A8690C}.Debug|x86.ActiveCfg = Debug|Win32
		{F09F4A64-5084-46E4-8AE4-A6F5E4A8690C}.Debug|x86.Build.0 = Debug|Win32
		{F09F4A64-5084-46E4-8AE4-A6F5E4A8690C}.Release|x64.ActiveCfg = Release|x64
		{F09F4A64-5084-46E4-8AE4-A6F5E4A8690C}.Release|x64.Build.0 = Release|x64
		{F09F4A64-5084-46E4-8AE4-A6F5E4A8690C}.Release|x86.ActiveCfg = Release|Win32
		{F09F4A64-5084-46E4-8AE4-A6F5E4A8690C}.Release|x86.Build.0 = Release|Win32
	EndGlobalSection
	GlobalSection(SolutionProperties) = preSolution
		HideSolutionNode = FALSE
	EndGlobalSection
	GlobalSection(ExtensibilityGlobals) = postSolution
		SolutionGuid = {8E98EF98-AA18-415C-A065-559B7C055F97}
	EndGlobalSection
EndGlobal
